
Microsoft Visual Studio Solution File, Format Version 12.00
# Visual Studio Version 17
VisualStudioVersion = 17.13.35931.197 d17.13
MinimumVisualStudioVersion = 10.0.40219.1
Project("{FAE04EC0-301F-11D3-BF4B-00C04F79EFBC}") = "EmploTaskOne.App", "EmploTaskOne.App\EmploTaskOne.App.csproj", "{13E00FE7-B772-4EB5-B167-8C48050D8A7F}"
EndProject
Project("{FAE04EC0-301F-11D3-BF4B-00C04F79EFBC}") = "EmploTaskOne.Infrastructure", "EmploTaskOne.Infrastructure\EmploTaskOne.Infrastructure.csproj", "{3FB6453A-0E68-45C6-98E5-09694AAC7B83}"
EndProject
Project("{FAE04EC0-301F-11D3-BF4B-00C04F79EFBC}") = "EmploTaskOne.Application", "EmploTaskOne.Application\EmploTaskOne.Application.csproj", "{0553A3E4-D60C-473E-B506-A0424BE9471B}"
EndProject
Project("{FAE04EC0-301F-11D3-BF4B-00C04F79EFBC}") = "EmploTaskOne.Domain", "EmploTaskOne.Domain\EmploTaskOne.Domain.csproj", "{07D59984-219A-4E82-8E14-595A7A709F80}"
EndProject
Global
	GlobalSection(SolutionConfigurationPlatforms) = preSolution
		Debug|Any CPU = Debug|Any CPU
		Release|Any CPU = Release|Any CPU
	EndGlobalSection
	GlobalSection(ProjectConfigurationPlatforms) = postSolution
		{13E00FE7-B772-4EB5-B167-8C48050D8A7F}.Debug|Any CPU.ActiveCfg = Debug|Any CPU
		{13E00FE7-B772-4EB5-B167-8C48050D8A7F}.Debug|Any CPU.Build.0 = Debug|Any CPU
		{13E00FE7-B772-4EB5-B167-8C48050D8A7F}.Release|Any CPU.ActiveCfg = Release|Any CPU
		{13E00FE7-B772-4EB5-B167-8C48050D8A7F}.Release|Any CPU.Build.0 = Release|Any CPU
		{3FB6453A-0E68-45C6-98E5-09694AAC7B83}.Debug|Any CPU.ActiveCfg = Debug|Any CPU
		{3FB6453A-0E68-45C6-98E5-09694AAC7B83}.Debug|Any CPU.Build.0 = Debug|Any CPU
		{3FB6453A-0E68-45C6-98E5-09694AAC7B83}.Release|Any CPU.ActiveCfg = Release|Any CPU
		{3FB6453A-0E68-45C6-98E5-09694AAC7B83}.Release|Any CPU.Build.0 = Release|Any CPU
		{0553A3E4-D60C-473E-B506-A0424BE9471B}.Debug|Any CPU.ActiveCfg = Debug|Any CPU
		{0553A3E4-D60C-473E-B506-A0424BE9471B}.Debug|Any CPU.Build.0 = Debug|Any CPU
		{0553A3E4-D60C-473E-B506-A0424BE9471B}.Release|Any CPU.ActiveCfg = Release|Any CPU
		{0553A3E4-D60C-473E-B506-A0424BE9471B}.Release|Any CPU.Build.0 = Release|Any CPU
		{07D59984-219A-4E82-8E14-595A7A709F80}.Debug|Any CPU.ActiveCfg = Debug|Any CPU
		{07D59984-219A-4E82-8E14-595A7A709F80}.Debug|Any CPU.Build.0 = Debug|Any CPU
		{07D59984-219A-4E82-8E14-595A7A709F80}.Release|Any CPU.ActiveCfg = Release|Any CPU
		{07D59984-219A-4E82-8E14-595A7A709F80}.Release|Any CPU.Build.0 = Release|Any CPU
	EndGlobalSection
	GlobalSection(SolutionProperties) = preSolution
		HideSolutionNode = FALSE
	EndGlobalSection
	GlobalSection(ExtensibilityGlobals) = postSolution
		SolutionGuid = {B34564DE-E3CB-4F5B-AC6C-A7E08926920F}
	EndGlobalSection
EndGlobal
